
Microsoft Visual Studio Solution File, Format Version 11.00
# Visual Studio 2010
Project("{FAE04EC0-301F-11D3-BF4B-00C04F79EFBC}") = "CSharp.Geeklist", "CSharp.Geeklist\CSharp.Geeklist.csproj", "{5F8CA194-B934-4CA7-9A34-BF1AAA678EFE}"
EndProject
Project("{FAE04EC0-301F-11D3-BF4B-00C04F79EFBC}") = "CSharp.Geeklist.MVC 3 Example", "CSharp.Geeklist.MVC 3 Example\CSharp.Geeklist.MVC 3 Example.csproj", "{17209DD8-B724-49E5-BB8A-6AA157608089}"
EndProject
Project("{FAE04EC0-301F-11D3-BF4B-00C04F79EFBC}") = "CSharp.Geeklist.Console Example", "CSharp.Geeklist.Console Example\CSharp.Geeklist.Console Example.csproj", "{A59AAED3-BD15-4042-A9A4-7046C571CFE6}"
EndProject
Global
	GlobalSection(SolutionConfigurationPlatforms) = preSolution
		Debug|Any CPU = Debug|Any CPU
		Debug|Mixed Platforms = Debug|Mixed Platforms
		Debug|x86 = Debug|x86
		Release|Any CPU = Release|Any CPU
		Release|Mixed Platforms = Release|Mixed Platforms
		Release|x86 = Release|x86
	EndGlobalSection
	GlobalSection(ProjectConfigurationPlatforms) = postSolution
		{5F8CA194-B934-4CA7-9A34-BF1AAA678EFE}.Debug|Any CPU.ActiveCfg = Debug|Any CPU
		{5F8CA194-B934-4CA7-9A34-BF1AAA678EFE}.Debug|Any CPU.Build.0 = Debug|Any CPU
		{5F8CA194-B934-4CA7-9A34-BF1AAA678EFE}.Debug|Mixed Platforms.ActiveCfg = Debug|Any CPU
		{5F8CA194-B934-4CA7-9A34-BF1AAA678EFE}.Debug|Mixed Platforms.Build.0 = Debug|Any CPU
		{5F8CA194-B934-4CA7-9A34-BF1AAA678EFE}.Debug|x86.ActiveCfg = Debug|Any CPU
		{5F8CA194-B934-4CA7-9A34-BF1AAA678EFE}.Release|Any CPU.ActiveCfg = Release|Any CPU
		{5F8CA194-B934-4CA7-9A34-BF1AAA678EFE}.Release|Any CPU.Build.0 = Release|Any CPU
		{5F8CA194-B934-4CA7-9A34-BF1AAA678EFE}.Release|Mixed Platforms.ActiveCfg = Release|Any CPU
		{5F8CA194-B934-4CA7-9A34-BF1AAA678EFE}.Release|Mixed Platforms.Build.0 = Release|Any CPU
		{5F8CA194-B934-4CA7-9A34-BF1AAA678EFE}.Release|x86.ActiveCfg = Release|Any CPU
		{17209DD8-B724-49E5-BB8A-6AA157608089}.Debug|Any CPU.ActiveCfg = Debug|Any CPU
		{17209DD8-B724-49E5-BB8A-6AA157608089}.Debug|Any CPU.Build.0 = Debug|Any CPU
		{17209DD8-B724-49E5-BB8A-6AA157608089}.Debug|Mixed Platforms.ActiveCfg = Debug|Any CPU
		{17209DD8-B724-49E5-BB8A-6AA157608089}.Debug|Mixed Platforms.Build.0 = Debug|Any CPU
		{17209DD8-B724-49E5-BB8A-6AA157608089}.Debug|x86.ActiveCfg = Debug|Any CPU
		{17209DD8-B724-49E5-BB8A-6AA157608089}.Release|Any CPU.ActiveCfg = Release|Any CPU
		{17209DD8-B724-49E5-BB8A-6AA157608089}.Release|Any CPU.Build.0 = Release|Any CPU
		{17209DD8-B724-49E5-BB8A-6AA157608089}.Release|Mixed Platforms.ActiveCfg = Release|Any CPU
		{17209DD8-B724-49E5-BB8A-6AA157608089}.Release|Mixed Platforms.Build.0 = Release|Any CPU
		{17209DD8-B724-49E5-BB8A-6AA157608089}.Release|x86.ActiveCfg = Release|Any CPU
		{A59AAED3-BD15-4042-A9A4-7046C571CFE6}.Debug|Any CPU.ActiveCfg = Debug|x86
		{A59AAED3-BD15-4042-A9A4-7046C571CFE6}.Debug|Mixed Platforms.ActiveCfg = Debug|x86
		{A59AAED3-BD15-4042-A9A4-7046C571CFE6}.Debug|Mixed Platforms.Build.0 = Debug|x86
		{A59AAED3-BD15-4042-A9A4-7046C571CFE6}.Debug|x86.ActiveCfg = Debug|x86
		{A59AAED3-BD15-4042-A9A4-7046C571CFE6}.Debug|x86.Build.0 = Debug|x86
		{A59AAED3-BD15-4042-A9A4-7046C571CFE6}.Release|Any CPU.ActiveCfg = Release|x86
		{A59AAED3-BD15-4042-A9A4-7046C571CFE6}.Release|Mixed Platforms.ActiveCfg = Release|x86
		{A59AAED3-BD15-4042-A9A4-7046C571CFE6}.Release|Mixed Platforms.Build.0 = Release|x86
		{A59AAED3-BD15-4042-A9A4-7046C571CFE6}.Release|x86.ActiveCfg = Release|x86
		{A59AAED3-BD15-4042-A9A4-7046C571CFE6}.Release|x86.Build.0 = Release|x86
	EndGlobalSection
	GlobalSection(SolutionProperties) = preSolution
		HideSolutionNode = FALSE
	EndGlobalSection
EndGlobal
